
Microsoft Visual Studio Solution File, Format Version 12.00
Project("{FAE04EC0-301F-11D3-BF4B-00C04F79EFBC}") = "PocketSucc", "PocketSucc\PocketSucc.csproj", "{7AB8B4E0-0934-49B7-83F4-C0984E30903D}"
EndProject
Global
	GlobalSection(SolutionConfigurationPlatforms) = preSolution
		Debug|Any CPU = Debug|Any CPU
		Release|Any CPU = Release|Any CPU
	EndGlobalSection
	GlobalSection(ProjectConfigurationPlatforms) = postSolution
		{7AB8B4E0-0934-49B7-83F4-C0984E30903D}.Debug|Any CPU.ActiveCfg = Debug|Any CPU
		{7AB8B4E0-0934-49B7-83F4-C0984E30903D}.Debug|Any CPU.Build.0 = Debug|Any CPU
		{7AB8B4E0-0934-49B7-83F4-C0984E30903D}.Release|Any CPU.ActiveCfg = Release|Any CPU
		{7AB8B4E0-0934-49B7-83F4-C0984E30903D}.Release|Any CPU.Build.0 = Release|Any CPU
	EndGlobalSection
EndGlobal
